
Microsoft Visual Studio Solution File, Format Version 12.00
# Visual Studio Version 17
VisualStudioVersion = 17.12.35707.178 d17.12
MinimumVisualStudioVersion = 10.0.40219.1
Project("{FAE04EC0-301F-11D3-BF4B-00C04F79EFBC}") = "P01_2022VM651_2022RR651", "P01_2022VM651_2022RR651\P01_2022VM651_2022RR651.csproj", "{8E75F2E7-F34C-441C-8405-827C1E7FC282}"
EndProject
Global
	GlobalSection(SolutionConfigurationPlatforms) = preSolution
		Debug|Any CPU = Debug|Any CPU
		Release|Any CPU = Release|Any CPU
	EndGlobalSection
	GlobalSection(ProjectConfigurationPlatforms) = postSolution
		{8E75F2E7-F34C-441C-8405-827C1E7FC282}.Debug|Any CPU.ActiveCfg = Debug|Any CPU
		{8E75F2E7-F34C-441C-8405-827C1E7FC282}.Debug|Any CPU.Build.0 = Debug|Any CPU
		{8E75F2E7-F34C-441C-8405-827C1E7FC282}.Release|Any CPU.ActiveCfg = Release|Any CPU
		{8E75F2E7-F34C-441C-8405-827C1E7FC282}.Release|Any CPU.Build.0 = Release|Any CPU
	EndGlobalSection
	GlobalSection(SolutionProperties) = preSolution
		HideSolutionNode = FALSE
	EndGlobalSection
EndGlobal
